
Microsoft Visual Studio Solution File, Format Version 12.00
# Visual Studio Version 16
VisualStudioVersion = 16.0.30907.101
MinimumVisualStudioVersion = 10.0.40219.1
Project("{9A19103F-16F7-4668-BE54-9A1E7A4F7556}") = "Shapes3d", "Shapes3d\Shapes3d.csproj", "{5080468A-0F99-4147-86F7-1E22DC1057F7}"
EndProject
Project("{9A19103F-16F7-4668-BE54-9A1E7A4F7556}") = "Vector", "..\Vector\Vector\Vector.csproj", "{D8BD3BAF-C92C-40DE-B9FB-A63DCE2FCE51}"
EndProject
Project("{9A19103F-16F7-4668-BE54-9A1E7A4F7556}") = "PerimetrCalculation", "..\PerimetrCalculation\PerimetrCalculation\PerimetrCalculation.csproj", "{3E3D450D-3510-4301-BFA9-D23A3B87CFD0}"
EndProject
Project("{FAE04EC0-301F-11D3-BF4B-00C04F79EFBC}") = "Shapes3d.Tests", "Shapes3d.Tests\Shapes3d.Tests.csproj", "{7F0CD31E-9DA4-4D3C-AAB2-7A0A8C5EBE2F}"
EndProject
Global
	GlobalSection(SolutionConfigurationPlatforms) = preSolution
		Debug|Any CPU = Debug|Any CPU
		Release|Any CPU = Release|Any CPU
	EndGlobalSection
	GlobalSection(ProjectConfigurationPlatforms) = postSolution
		{5080468A-0F99-4147-86F7-1E22DC1057F7}.Debug|Any CPU.ActiveCfg = Debug|Any CPU
		{5080468A-0F99-4147-86F7-1E22DC1057F7}.Debug|Any CPU.Build.0 = Debug|Any CPU
		{5080468A-0F99-4147-86F7-1E22DC1057F7}.Release|Any CPU.ActiveCfg = Release|Any CPU
		{5080468A-0F99-4147-86F7-1E22DC1057F7}.Release|Any CPU.Build.0 = Release|Any CPU
		{D8BD3BAF-C92C-40DE-B9FB-A63DCE2FCE51}.Debug|Any CPU.ActiveCfg = Debug|Any CPU
		{D8BD3BAF-C92C-40DE-B9FB-A63DCE2FCE51}.Debug|Any CPU.Build.0 = Debug|Any CPU
		{D8BD3BAF-C92C-40DE-B9FB-A63DCE2FCE51}.Release|Any CPU.ActiveCfg = Release|Any CPU
		{D8BD3BAF-C92C-40DE-B9FB-A63DCE2FCE51}.Release|Any CPU.Build.0 = Release|Any CPU
		{3E3D450D-3510-4301-BFA9-D23A3B87CFD0}.Debug|Any CPU.ActiveCfg = Debug|Any CPU
		{3E3D450D-3510-4301-BFA9-D23A3B87CFD0}.Debug|Any CPU.Build.0 = Debug|Any CPU
		{3E3D450D-3510-4301-BFA9-D23A3B87CFD0}.Release|Any CPU.ActiveCfg = Release|Any CPU
		{3E3D450D-3510-4301-BFA9-D23A3B87CFD0}.Release|Any CPU.Build.0 = Release|Any CPU
		{7F0CD31E-9DA4-4D3C-AAB2-7A0A8C5EBE2F}.Debug|Any CPU.ActiveCfg = Debug|Any CPU
		{7F0CD31E-9DA4-4D3C-AAB2-7A0A8C5EBE2F}.Debug|Any CPU.Build.0 = Debug|Any CPU
		{7F0CD31E-9DA4-4D3C-AAB2-7A0A8C5EBE2F}.Release|Any CPU.ActiveCfg = Release|Any CPU
		{7F0CD31E-9DA4-4D3C-AAB2-7A0A8C5EBE2F}.Release|Any CPU.Build.0 = Release|Any CPU
	EndGlobalSection
	GlobalSection(SolutionProperties) = preSolution
		HideSolutionNode = FALSE
	EndGlobalSection
	GlobalSection(ExtensibilityGlobals) = postSolution
		SolutionGuid = {1A6425CB-93FC-47B5-BD66-D11726F425E5}
	EndGlobalSection
EndGlobal
